dependencies:
  esp-zigbee-lib:
    dependencies: []
    source:
      path: C:\esp_idf\Robo_zigbee_projects\devices\RoboSR2CH10A\components\esp-zigbee-lib
      type: local
    version: 1.6.7
  espressif/esp-zboss-lib:
    component_hash: 321883d142421f65009972408287441794250057668a11abbdfd8bec77c3309a
    dependencies:
    - name: idf
      require: private
      version: '>=5.0'
    source:
      registry_url: https://components.espressif.com/
      type: service
    version: 1.6.4
  idf:
    source:
      type: idf
    version: 5.3.2
direct_dependencies:
- espressif/esp-zboss-lib
- espressif/esp-zigbee-lib
- idf
manifest_hash: f13f5191d30f4a5ca317e563cfc2ca69958e43a39e57a3820369f728c6d08f2d
target: esp32c6
version: 2.0.0
